
Microsoft Visual Studio Solution File, Format Version 12.00
# Visual Studio Version 17
VisualStudioVersion = 17.0.32112.339
MinimumVisualStudioVersion = 10.0.40219.1
Project("{FAE04EC0-301F-11D3-BF4B-00C04F79EFBC}") = "06.RoadReconstruction", "06.RoadReconstruction\06.RoadReconstruction.csproj", "{32826D8B-395D-4ECF-B1D7-5A722F5A0A07}"
EndProject
Global
	GlobalSection(SolutionConfigurationPlatforms) = preSolution
		Debug|Any CPU = Debug|Any CPU
		Release|Any CPU = Release|Any CPU
	EndGlobalSection
	GlobalSection(ProjectConfigurationPlatforms) = postSolution
		{32826D8B-395D-4ECF-B1D7-5A722F5A0A07}.Debug|Any CPU.ActiveCfg = Debug|Any CPU
		{32826D8B-395D-4ECF-B1D7-5A722F5A0A07}.Debug|Any CPU.Build.0 = Debug|Any CPU
		{32826D8B-395D-4ECF-B1D7-5A722F5A0A07}.Release|Any CPU.ActiveCfg = Release|Any CPU
		{32826D8B-395D-4ECF-B1D7-5A722F5A0A07}.Release|Any CPU.Build.0 = Release|Any CPU
	EndGlobalSection
	GlobalSection(SolutionProperties) = preSolution
		HideSolutionNode = FALSE
	EndGlobalSection
	GlobalSection(ExtensibilityGlobals) = postSolution
		SolutionGuid = {28156C68-5827-440A-B995-9DD7C0570CE2}
	EndGlobalSection
EndGlobal
