
Microsoft Visual Studio Solution File, Format Version 12.00
# Visual Studio Version 17
VisualStudioVersion = 17.0.32112.339
MinimumVisualStudioVersion = 10.0.40219.1
Project("{FAE04EC0-301F-11D3-BF4B-00C04F79EFBC}") = "05.SchoolTeams", "05.SchoolTeams\05.SchoolTeams.csproj", "{0805769C-51ED-4E48-8D3A-3912EC2BCD38}"
EndProject
Global
	GlobalSection(SolutionConfigurationPlatforms) = preSolution
		Debug|Any CPU = Debug|Any CPU
		Release|Any CPU = Release|Any CPU
	EndGlobalSection
	GlobalSection(ProjectConfigurationPlatforms) = postSolution
		{0805769C-51ED-4E48-8D3A-3912EC2BCD38}.Debug|Any CPU.ActiveCfg = Debug|Any CPU
		{0805769C-51ED-4E48-8D3A-3912EC2BCD38}.Debug|Any CPU.Build.0 = Debug|Any CPU
		{0805769C-51ED-4E48-8D3A-3912EC2BCD38}.Release|Any CPU.ActiveCfg = Release|Any CPU
		{0805769C-51ED-4E48-8D3A-3912EC2BCD38}.Release|Any CPU.Build.0 = Release|Any CPU
	EndGlobalSection
	GlobalSection(SolutionProperties) = preSolution
		HideSolutionNode = FALSE
	EndGlobalSection
	GlobalSection(ExtensibilityGlobals) = postSolution
		SolutionGuid = {E7BA3747-DDEA-4F67-A164-2B7C1DC302E9}
	EndGlobalSection
EndGlobal
