
Microsoft Visual Studio Solution File, Format Version 12.00
# Visual Studio Version 17
VisualStudioVersion = 17.0.32112.339
MinimumVisualStudioVersion = 10.0.40219.1
Project("{FAE04EC0-301F-11D3-BF4B-00C04F79EFBC}") = "06.ConnectingCables", "06.ConnectingCables\06.ConnectingCables.csproj", "{3B649D37-F15D-4F97-9E73-F81899F7E5E5}"
EndProject
Global
	GlobalSection(SolutionConfigurationPlatforms) = preSolution
		Debug|Any CPU = Debug|Any CPU
		Release|Any CPU = Release|Any CPU
	EndGlobalSection
	GlobalSection(ProjectConfigurationPlatforms) = postSolution
		{3B649D37-F15D-4F97-9E73-F81899F7E5E5}.Debug|Any CPU.ActiveCfg = Debug|Any CPU
		{3B649D37-F15D-4F97-9E73-F81899F7E5E5}.Debug|Any CPU.Build.0 = Debug|Any CPU
		{3B649D37-F15D-4F97-9E73-F81899F7E5E5}.Release|Any CPU.ActiveCfg = Release|Any CPU
		{3B649D37-F15D-4F97-9E73-F81899F7E5E5}.Release|Any CPU.Build.0 = Release|Any CPU
	EndGlobalSection
	GlobalSection(SolutionProperties) = preSolution
		HideSolutionNode = FALSE
	EndGlobalSection
	GlobalSection(ExtensibilityGlobals) = postSolution
		SolutionGuid = {5C522FBA-B47D-4EF0-BD9E-F1DCE3874D5B}
	EndGlobalSection
EndGlobal
