
Microsoft Visual Studio Solution File, Format Version 12.00
# Visual Studio Version 17
VisualStudioVersion = 17.0.32112.339
MinimumVisualStudioVersion = 10.0.40219.1
Project("{FAE04EC0-301F-11D3-BF4B-00C04F79EFBC}") = "05.Quicksort", "05.Quicksort\05.Quicksort.csproj", "{DA396CAE-EB18-4DCA-9095-FD122A2D5719}"
EndProject
Global
	GlobalSection(SolutionConfigurationPlatforms) = preSolution
		Debug|Any CPU = Debug|Any CPU
		Release|Any CPU = Release|Any CPU
	EndGlobalSection
	GlobalSection(ProjectConfigurationPlatforms) = postSolution
		{DA396CAE-EB18-4DCA-9095-FD122A2D5719}.Debug|Any CPU.ActiveCfg = Debug|Any CPU
		{DA396CAE-EB18-4DCA-9095-FD122A2D5719}.Debug|Any CPU.Build.0 = Debug|Any CPU
		{DA396CAE-EB18-4DCA-9095-FD122A2D5719}.Release|Any CPU.ActiveCfg = Release|Any CPU
		{DA396CAE-EB18-4DCA-9095-FD122A2D5719}.Release|Any CPU.Build.0 = Release|Any CPU
	EndGlobalSection
	GlobalSection(SolutionProperties) = preSolution
		HideSolutionNode = FALSE
	EndGlobalSection
	GlobalSection(ExtensibilityGlobals) = postSolution
		SolutionGuid = {B75215CC-A958-4165-91DF-768B463DFB7D}
	EndGlobalSection
EndGlobal
