
Microsoft Visual Studio Solution File, Format Version 12.00
# Visual Studio Version 17
VisualStudioVersion = 17.0.32112.339
MinimumVisualStudioVersion = 10.0.40219.1
Project("{FAE04EC0-301F-11D3-BF4B-00C04F79EFBC}") = "02.Rumors", "02.Rumors\02.Rumors.csproj", "{19607CC8-54C6-45A8-B51B-486B7155C7CE}"
EndProject
Global
	GlobalSection(SolutionConfigurationPlatforms) = preSolution
		Debug|Any CPU = Debug|Any CPU
		Release|Any CPU = Release|Any CPU
	EndGlobalSection
	GlobalSection(ProjectConfigurationPlatforms) = postSolution
		{19607CC8-54C6-45A8-B51B-486B7155C7CE}.Debug|Any CPU.ActiveCfg = Debug|Any CPU
		{19607CC8-54C6-45A8-B51B-486B7155C7CE}.Debug|Any CPU.Build.0 = Debug|Any CPU
		{19607CC8-54C6-45A8-B51B-486B7155C7CE}.Release|Any CPU.ActiveCfg = Release|Any CPU
		{19607CC8-54C6-45A8-B51B-486B7155C7CE}.Release|Any CPU.Build.0 = Release|Any CPU
	EndGlobalSection
	GlobalSection(SolutionProperties) = preSolution
		HideSolutionNode = FALSE
	EndGlobalSection
	GlobalSection(ExtensibilityGlobals) = postSolution
		SolutionGuid = {28769825-10CD-4CD1-9220-34879CB765F2}
	EndGlobalSection
EndGlobal
