
Microsoft Visual Studio Solution File, Format Version 12.00
# Visual Studio Version 17
VisualStudioVersion = 17.0.32112.339
MinimumVisualStudioVersion = 10.0.40219.1
Project("{FAE04EC0-301F-11D3-BF4B-00C04F79EFBC}") = "02.Time", "02.Time\02.Time.csproj", "{F1B911C0-2458-4128-BA15-4CD5A96E9F80}"
EndProject
Global
	GlobalSection(SolutionConfigurationPlatforms) = preSolution
		Debug|Any CPU = Debug|Any CPU
		Release|Any CPU = Release|Any CPU
	EndGlobalSection
	GlobalSection(ProjectConfigurationPlatforms) = postSolution
		{F1B911C0-2458-4128-BA15-4CD5A96E9F80}.Debug|Any CPU.ActiveCfg = Debug|Any CPU
		{F1B911C0-2458-4128-BA15-4CD5A96E9F80}.Debug|Any CPU.Build.0 = Debug|Any CPU
		{F1B911C0-2458-4128-BA15-4CD5A96E9F80}.Release|Any CPU.ActiveCfg = Release|Any CPU
		{F1B911C0-2458-4128-BA15-4CD5A96E9F80}.Release|Any CPU.Build.0 = Release|Any CPU
	EndGlobalSection
	GlobalSection(SolutionProperties) = preSolution
		HideSolutionNode = FALSE
	EndGlobalSection
	GlobalSection(ExtensibilityGlobals) = postSolution
		SolutionGuid = {414AFC36-4463-41A9-B58C-22F9BC0143E7}
	EndGlobalSection
EndGlobal
