
Microsoft Visual Studio Solution File, Format Version 12.00
# Visual Studio Version 17
VisualStudioVersion = 17.0.32112.339
MinimumVisualStudioVersion = 10.0.40219.1
Project("{FAE04EC0-301F-11D3-BF4B-00C04F79EFBC}") = "03.TheStoryTelling", "03.TheStoryTelling\03.TheStoryTelling.csproj", "{851A4782-322C-43C2-BC47-8CDCE41A6AD4}"
EndProject
Global
	GlobalSection(SolutionConfigurationPlatforms) = preSolution
		Debug|Any CPU = Debug|Any CPU
		Release|Any CPU = Release|Any CPU
	EndGlobalSection
	GlobalSection(ProjectConfigurationPlatforms) = postSolution
		{851A4782-322C-43C2-BC47-8CDCE41A6AD4}.Debug|Any CPU.ActiveCfg = Debug|Any CPU
		{851A4782-322C-43C2-BC47-8CDCE41A6AD4}.Debug|Any CPU.Build.0 = Debug|Any CPU
		{851A4782-322C-43C2-BC47-8CDCE41A6AD4}.Release|Any CPU.ActiveCfg = Release|Any CPU
		{851A4782-322C-43C2-BC47-8CDCE41A6AD4}.Release|Any CPU.Build.0 = Release|Any CPU
	EndGlobalSection
	GlobalSection(SolutionProperties) = preSolution
		HideSolutionNode = FALSE
	EndGlobalSection
	GlobalSection(ExtensibilityGlobals) = postSolution
		SolutionGuid = {B85CA147-94CB-4890-A5BD-ADA97AB0D626}
	EndGlobalSection
EndGlobal
