
Microsoft Visual Studio Solution File, Format Version 12.00
# Visual Studio Version 17
VisualStudioVersion = 17.0.32112.339
MinimumVisualStudioVersion = 10.0.40219.1
Project("{FAE04EC0-301F-11D3-BF4B-00C04F79EFBC}") = "01.StringsMashup", "01.StringsMashup\01.StringsMashup.csproj", "{EA6E58E6-EAFF-475F-8005-505B221995D6}"
EndProject
Global
	GlobalSection(SolutionConfigurationPlatforms) = preSolution
		Debug|Any CPU = Debug|Any CPU
		Release|Any CPU = Release|Any CPU
	EndGlobalSection
	GlobalSection(ProjectConfigurationPlatforms) = postSolution
		{EA6E58E6-EAFF-475F-8005-505B221995D6}.Debug|Any CPU.ActiveCfg = Debug|Any CPU
		{EA6E58E6-EAFF-475F-8005-505B221995D6}.Debug|Any CPU.Build.0 = Debug|Any CPU
		{EA6E58E6-EAFF-475F-8005-505B221995D6}.Release|Any CPU.ActiveCfg = Release|Any CPU
		{EA6E58E6-EAFF-475F-8005-505B221995D6}.Release|Any CPU.Build.0 = Release|Any CPU
	EndGlobalSection
	GlobalSection(SolutionProperties) = preSolution
		HideSolutionNode = FALSE
	EndGlobalSection
	GlobalSection(ExtensibilityGlobals) = postSolution
		SolutionGuid = {8382E57B-E5F1-496B-8F88-3A0C79E53FC9}
	EndGlobalSection
EndGlobal
