
Microsoft Visual Studio Solution File, Format Version 12.00
# Visual Studio Version 17
VisualStudioVersion = 17.0.32112.339
MinimumVisualStudioVersion = 10.0.40219.1
Project("{FAE04EC0-301F-11D3-BF4B-00C04F79EFBC}") = "02.SelectionSort", "02.SelectionSort\02.SelectionSort.csproj", "{5B01D218-05E7-4151-BE28-0BFD8927C466}"
EndProject
Global
	GlobalSection(SolutionConfigurationPlatforms) = preSolution
		Debug|Any CPU = Debug|Any CPU
		Release|Any CPU = Release|Any CPU
	EndGlobalSection
	GlobalSection(ProjectConfigurationPlatforms) = postSolution
		{5B01D218-05E7-4151-BE28-0BFD8927C466}.Debug|Any CPU.ActiveCfg = Debug|Any CPU
		{5B01D218-05E7-4151-BE28-0BFD8927C466}.Debug|Any CPU.Build.0 = Debug|Any CPU
		{5B01D218-05E7-4151-BE28-0BFD8927C466}.Release|Any CPU.ActiveCfg = Release|Any CPU
		{5B01D218-05E7-4151-BE28-0BFD8927C466}.Release|Any CPU.Build.0 = Release|Any CPU
	EndGlobalSection
	GlobalSection(SolutionProperties) = preSolution
		HideSolutionNode = FALSE
	EndGlobalSection
	GlobalSection(ExtensibilityGlobals) = postSolution
		SolutionGuid = {5FE091FF-356F-4BAF-B936-7AA2CE7497F2}
	EndGlobalSection
EndGlobal
