
Microsoft Visual Studio Solution File, Format Version 12.00
# Visual Studio Version 17
VisualStudioVersion = 17.0.32112.339
MinimumVisualStudioVersion = 10.0.40219.1
Project("{FAE04EC0-301F-11D3-BF4B-00C04F79EFBC}") = "03.VariationsWithoutRepetition", "03.VariationsWithoutRepetition\03.VariationsWithoutRepetition.csproj", "{9CCEE3C6-494C-4457-8D62-6F309F91CB89}"
EndProject
Global
	GlobalSection(SolutionConfigurationPlatforms) = preSolution
		Debug|Any CPU = Debug|Any CPU
		Release|Any CPU = Release|Any CPU
	EndGlobalSection
	GlobalSection(ProjectConfigurationPlatforms) = postSolution
		{9CCEE3C6-494C-4457-8D62-6F309F91CB89}.Debug|Any CPU.ActiveCfg = Debug|Any CPU
		{9CCEE3C6-494C-4457-8D62-6F309F91CB89}.Debug|Any CPU.Build.0 = Debug|Any CPU
		{9CCEE3C6-494C-4457-8D62-6F309F91CB89}.Release|Any CPU.ActiveCfg = Release|Any CPU
		{9CCEE3C6-494C-4457-8D62-6F309F91CB89}.Release|Any CPU.Build.0 = Release|Any CPU
	EndGlobalSection
	GlobalSection(SolutionProperties) = preSolution
		HideSolutionNode = FALSE
	EndGlobalSection
	GlobalSection(ExtensibilityGlobals) = postSolution
		SolutionGuid = {B4FF2B6E-3F68-4021-9E2C-BB6000F079BB}
	EndGlobalSection
EndGlobal
