
Microsoft Visual Studio Solution File, Format Version 12.00
# Visual Studio Version 17
VisualStudioVersion = 17.0.32112.339
MinimumVisualStudioVersion = 10.0.40219.1
Project("{FAE04EC0-301F-11D3-BF4B-00C04F79EFBC}") = "02.ConditionalExpressionResolver", "02.ConditionalExpressionResolver\02.ConditionalExpressionResolver.csproj", "{A1800820-DB86-4570-857D-75A60AF2D9AE}"
EndProject
Global
	GlobalSection(SolutionConfigurationPlatforms) = preSolution
		Debug|Any CPU = Debug|Any CPU
		Release|Any CPU = Release|Any CPU
	EndGlobalSection
	GlobalSection(ProjectConfigurationPlatforms) = postSolution
		{A1800820-DB86-4570-857D-75A60AF2D9AE}.Debug|Any CPU.ActiveCfg = Debug|Any CPU
		{A1800820-DB86-4570-857D-75A60AF2D9AE}.Debug|Any CPU.Build.0 = Debug|Any CPU
		{A1800820-DB86-4570-857D-75A60AF2D9AE}.Release|Any CPU.ActiveCfg = Release|Any CPU
		{A1800820-DB86-4570-857D-75A60AF2D9AE}.Release|Any CPU.Build.0 = Release|Any CPU
	EndGlobalSection
	GlobalSection(SolutionProperties) = preSolution
		HideSolutionNode = FALSE
	EndGlobalSection
	GlobalSection(ExtensibilityGlobals) = postSolution
		SolutionGuid = {72CAF221-E008-4D4B-BD88-296A78D15AA5}
	EndGlobalSection
EndGlobal
