
Microsoft Visual Studio Solution File, Format Version 12.00
# Visual Studio Version 17
VisualStudioVersion = 17.0.32112.339
MinimumVisualStudioVersion = 10.0.40219.1
Project("{FAE04EC0-301F-11D3-BF4B-00C04F79EFBC}") = "BreadthFirstSearch", "BreadthFirstSearch\BreadthFirstSearch.csproj", "{9684A2D2-C47E-4D95-9048-8C00F27967C2}"
EndProject
Global
	GlobalSection(SolutionConfigurationPlatforms) = preSolution
		Debug|Any CPU = Debug|Any CPU
		Release|Any CPU = Release|Any CPU
	EndGlobalSection
	GlobalSection(ProjectConfigurationPlatforms) = postSolution
		{9684A2D2-C47E-4D95-9048-8C00F27967C2}.Debug|Any CPU.ActiveCfg = Debug|Any CPU
		{9684A2D2-C47E-4D95-9048-8C00F27967C2}.Debug|Any CPU.Build.0 = Debug|Any CPU
		{9684A2D2-C47E-4D95-9048-8C00F27967C2}.Release|Any CPU.ActiveCfg = Release|Any CPU
		{9684A2D2-C47E-4D95-9048-8C00F27967C2}.Release|Any CPU.Build.0 = Release|Any CPU
	EndGlobalSection
	GlobalSection(SolutionProperties) = preSolution
		HideSolutionNode = FALSE
	EndGlobalSection
	GlobalSection(ExtensibilityGlobals) = postSolution
		SolutionGuid = {CCFC2C38-E423-4518-93AC-C18420D82456}
	EndGlobalSection
EndGlobal
